
Microsoft Visual Studio Solution File, Format Version 12.00
# Visual Studio 15
VisualStudioVersion = 15.0.28307.1169
MinimumVisualStudioVersion = 10.0.40219.1
Project("{FAE04EC0-301F-11D3-BF4B-00C04F79EFBC}") = "SingleLogAnalysis", "WpfApp2\SingleLogAnalysis.csproj", "{D9135ABE-E44D-4A43-84B4-1096DF8A1FE8}"
EndProject
Global
	GlobalSection(SolutionConfigurationPlatforms) = preSolution
		Debug|Any CPU = Debug|Any CPU
		Release|Any CPU = Release|Any CPU
	EndGlobalSection
	GlobalSection(ProjectConfigurationPlatforms) = postSolution
		{D9135ABE-E44D-4A43-84B4-1096DF8A1FE8}.Debug|Any CPU.ActiveCfg = Debug|Any CPU
		{D9135ABE-E44D-4A43-84B4-1096DF8A1FE8}.Debug|Any CPU.Build.0 = Debug|Any CPU
		{D9135ABE-E44D-4A43-84B4-1096DF8A1FE8}.Release|Any CPU.ActiveCfg = Release|Any CPU
		{D9135ABE-E44D-4A43-84B4-1096DF8A1FE8}.Release|Any CPU.Build.0 = Release|Any CPU
	EndGlobalSection
	GlobalSection(SolutionProperties) = preSolution
		HideSolutionNode = FALSE
	EndGlobalSection
	GlobalSection(ExtensibilityGlobals) = postSolution
		SolutionGuid = {387D963D-CA08-403F-A704-34ED906686A7}
	EndGlobalSection
EndGlobal
