
Microsoft Visual Studio Solution File, Format Version 12.00
# Visual Studio 15
VisualStudioVersion = 15.0.28307.1169
MinimumVisualStudioVersion = 10.0.40219.1
Project("{FAE04EC0-301F-11D3-BF4B-00C04F79EFBC}") = "线程_同步", "线程_同步\线程_同步.csproj", "{DBCBD8B7-1BFA-4CD2-866E-C8B97BCE8502}"
EndProject
Global
	GlobalSection(SolutionConfigurationPlatforms) = preSolution
		Debug|Any CPU = Debug|Any CPU
		Release|Any CPU = Release|Any CPU
	EndGlobalSection
	GlobalSection(ProjectConfigurationPlatforms) = postSolution
		{DBCBD8B7-1BFA-4CD2-866E-C8B97BCE8502}.Debug|Any CPU.ActiveCfg = Debug|Any CPU
		{DBCBD8B7-1BFA-4CD2-866E-C8B97BCE8502}.Debug|Any CPU.Build.0 = Debug|Any CPU
		{DBCBD8B7-1BFA-4CD2-866E-C8B97BCE8502}.Release|Any CPU.ActiveCfg = Release|Any CPU
		{DBCBD8B7-1BFA-4CD2-866E-C8B97BCE8502}.Release|Any CPU.Build.0 = Release|Any CPU
	EndGlobalSection
	GlobalSection(SolutionProperties) = preSolution
		HideSolutionNode = FALSE
	EndGlobalSection
	GlobalSection(ExtensibilityGlobals) = postSolution
		SolutionGuid = {84DA180C-3B25-4A30-8B99-15308335921F}
	EndGlobalSection
EndGlobal
